
Microsoft Visual Studio Solution File, Format Version 12.00
# Visual Studio Version 17
VisualStudioVersion = 17.14.36429.23
MinimumVisualStudioVersion = 10.0.40219.1
Project("{FAE04EC0-301F-11D3-BF4B-00C04F79EFBC}") = "InfoCam", "InfoCam\InfoCam.csproj", "{A8483C1B-9CE3-4915-A432-10298C2A1BC7}"
EndProject
Global
	GlobalSection(SolutionConfigurationPlatforms) = preSolution
		Debug|Any CPU = Debug|Any CPU
		Release|Any CPU = Release|Any CPU
	EndGlobalSection
	GlobalSection(ProjectConfigurationPlatforms) = postSolution
		{A8483C1B-9CE3-4915-A432-10298C2A1BC7}.Debug|Any CPU.ActiveCfg = Release|Any CPU
		{A8483C1B-9CE3-4915-A432-10298C2A1BC7}.Debug|Any CPU.Build.0 = Release|Any CPU
		{A8483C1B-9CE3-4915-A432-10298C2A1BC7}.Release|Any CPU.ActiveCfg = Release|Any CPU
		{A8483C1B-9CE3-4915-A432-10298C2A1BC7}.Release|Any CPU.Build.0 = Release|Any CPU
	EndGlobalSection
	GlobalSection(SolutionProperties) = preSolution
		HideSolutionNode = FALSE
	EndGlobalSection
	GlobalSection(ExtensibilityGlobals) = postSolution
		SolutionGuid = {23D136E7-3A21-4651-AE2E-84F60A5E38CE}
	EndGlobalSection
EndGlobal
